
Microsoft Visual Studio Solution File, Format Version 12.00
# Visual Studio Version 17
VisualStudioVersion = 17.8.34322.80
MinimumVisualStudioVersion = 10.0.40219.1
Project("{FAE04EC0-301F-11D3-BF4B-00C04F79EFBC}") = "PruebaSebastianBenavides", "PruebaSebastianBenavides\PruebaSebastianBenavides.csproj", "{27473D58-08AF-4A7F-B16D-947373A62CCC}"
EndProject
Global
	GlobalSection(SolutionConfigurationPlatforms) = preSolution
		Debug|Any CPU = Debug|Any CPU
		Release|Any CPU = Release|Any CPU
	EndGlobalSection
	GlobalSection(ProjectConfigurationPlatforms) = postSolution
		{27473D58-08AF-4A7F-B16D-947373A62CCC}.Debug|Any CPU.ActiveCfg = Debug|Any CPU
		{27473D58-08AF-4A7F-B16D-947373A62CCC}.Debug|Any CPU.Build.0 = Debug|Any CPU
		{27473D58-08AF-4A7F-B16D-947373A62CCC}.Release|Any CPU.ActiveCfg = Release|Any CPU
		{27473D58-08AF-4A7F-B16D-947373A62CCC}.Release|Any CPU.Build.0 = Release|Any CPU
	EndGlobalSection
	GlobalSection(SolutionProperties) = preSolution
		HideSolutionNode = FALSE
	EndGlobalSection
	GlobalSection(ExtensibilityGlobals) = postSolution
		SolutionGuid = {1F09AAE2-9831-4239-A689-884900E15F67}
	EndGlobalSection
EndGlobal
